
Microsoft Visual Studio Solution File, Format Version 12.00
# Visual Studio Version 17
VisualStudioVersion = 17.4.33213.308
MinimumVisualStudioVersion = 10.0.40219.1
Project("{FAE04EC0-301F-11D3-BF4B-00C04F79EFBC}") = "SacoEtiquetas", "SacoEtiquetas\SacoEtiquetas.csproj", "{16AB6E06-AEA5-44A2-B26E-DA828A429A90}"
EndProject
Global
	GlobalSection(SolutionConfigurationPlatforms) = preSolution
		Debug|Any CPU = Debug|Any CPU
		Release|Any CPU = Release|Any CPU
	EndGlobalSection
	GlobalSection(ProjectConfigurationPlatforms) = postSolution
		{16AB6E06-AEA5-44A2-B26E-DA828A429A90}.Debug|Any CPU.ActiveCfg = Debug|Any CPU
		{16AB6E06-AEA5-44A2-B26E-DA828A429A90}.Debug|Any CPU.Build.0 = Debug|Any CPU
		{16AB6E06-AEA5-44A2-B26E-DA828A429A90}.Release|Any CPU.ActiveCfg = Release|Any CPU
		{16AB6E06-AEA5-44A2-B26E-DA828A429A90}.Release|Any CPU.Build.0 = Release|Any CPU
	EndGlobalSection
	GlobalSection(SolutionProperties) = preSolution
		HideSolutionNode = FALSE
	EndGlobalSection
	GlobalSection(ExtensibilityGlobals) = postSolution
		SolutionGuid = {84778DB2-5814-4C1A-A393-E3FF3180E5EB}
	EndGlobalSection
EndGlobal
